// !$*UTF8*$!
{
	archiveVersion = 1;
	classes = {
	};
	objectVersion = 46;
	objects = {

/* Begin PBXBuildFile section */
		2515C6661E57E789005A10CD /* AboutScene.swift in Sources */ = {isa = PBXBuildFile; fileRef = 2515C6651E57E789005A10CD /* AboutScene.swift */; };
		252DD75D1E4940A00005D767 /* AppDelegate.swift in Sources */ = {isa = PBXBuildFile; fileRef = 252DD75C1E4940A00005D767 /* AppDelegate.swift */; };
		252DD7631E4940A00005D767 /* GameScene.swift in Sources */ = {isa = PBXBuildFile; fileRef = 252DD7621E4940A00005D767 /* GameScene.swift */; };
		252DD7651E4940A00005D767 /* GameViewController.swift in Sources */ = {isa = PBXBuildFile; fileRef = 252DD7641E4940A00005D767 /* GameViewController.swift */; };
		252DD7681E4940A00005D767 /* Main.storyboard in Resources */ = {isa = PBXBuildFile; fileRef = 252DD7661E4940A00005D767 /* Main.storyboard */; };
		252DD76A1E4940A00005D767 /* Assets.xcassets in Resources */ = {isa = PBXBuildFile; fileRef = 252DD7691E4940A00005D767 /* Assets.xcassets */; };
		252DD76D1E4940A00005D767 /* LaunchScreen.storyboard in Resources */ = {isa = PBXBuildFile; fileRef = 252DD76B1E4940A00005D767 /* LaunchScreen.storyboard */; };
		252DD7781E4940A00005D767 /* LinesTests.swift in Sources */ = {isa = PBXBuildFile; fileRef = 252DD7771E4940A00005D767 /* LinesTests.swift */; };
		252DD7831E4940A00005D767 /* LinesUITests.swift in Sources */ = {isa = PBXBuildFile; fileRef = 252DD7821E4940A00005D767 /* LinesUITests.swift */; };
		254FE8C81E59187400006995 /* loop.wav in Resources */ = {isa = PBXBuildFile; fileRef = 254FE8C71E59187400006995 /* loop.wav */; };
		254FE8CA1E591CBF00006995 /* untitled.wav in Resources */ = {isa = PBXBuildFile; fileRef = 254FE8C91E591CBF00006995 /* untitled.wav */; };
		254FE8CC1E591D9C00006995 /* boink.wav in Resources */ = {isa = PBXBuildFile; fileRef = 254FE8CB1E591D9C00006995 /* boink.wav */; };
		254FE8D21E59234E00006995 /* lose.wav in Resources */ = {isa = PBXBuildFile; fileRef = 254FE8D11E59234E00006995 /* lose.wav */; };
		25D6F6261E57574B001E30B3 /* GoogleService-Info.plist in Resources */ = {isa = PBXBuildFile; fileRef = 25D6F6251E57574B001E30B3 /* GoogleService-Info.plist */; };
		25F2FC541E4A926300C644D2 /* MainMenu.swift in Sources */ = {isa = PBXBuildFile; fileRef = 25F2FC531E4A926300C644D2 /* MainMenu.swift */; };
		2672BC9C9C17067D83D86174 /* Pods_gravity.framework in Frameworks */ = {isa = PBXBuildFile; fileRef = E0C3E6F1E940268837AC9600 /* Pods_gravity.framework */; };
		937A055F587AF47843CB5D18 /* Pods_gravityUITests.framework in Frameworks */ = {isa = PBXBuildFile; fileRef = 9800EBC1A92D00CB34D7376F /* Pods_gravityUITests.framework */; };
		EA40EAF90B47BFCE38D8587D /* Pods_gravityTests.framework in Frameworks */ = {isa = PBXBuildFile; fileRef = 814C0FF7DEBD534C7258B4A2 /* Pods_gravityTests.framework */; };
/* End PBXBuildFile section */

/* Begin PBXContainerItemProxy section */
		252DD7741E4940A00005D767 /* PBXContainerItemProxy */ = {
			isa = PBXContainerItemProxy;
			containerPortal = 252DD7511E4940A00005D767 /* Project object */;
			proxyType = 1;
			remoteGlobalIDString = 252DD7581E4940A00005D767;
			remoteInfo = Lines;
		};
		252DD77F1E4940A00005D767 /* PBXContainerItemProxy */ = {
			isa = PBXContainerItemProxy;
			containerPortal = 252DD7511E4940A00005D767 /* Project object */;
			proxyType = 1;
			remoteGlobalIDString = 252DD7581E4940A00005D767;
			remoteInfo = Lines;
		};
/* End PBXContainerItemProxy section */

/* Begin PBXFileReference section */
		1CA94CED2A1F64F93926757D /* Pods-gravityTests.release.xcconfig */ = {isa = PBXFileReference; includeInIndex = 1; lastKnownFileType = text.xcconfig; name = "Pods-gravityTests.release.xcconfig"; path = "Pods/Target Support Files/Pods-gravityTests/Pods-gravityTests.release.xcconfig"; sourceTree = "<group>"; };
		2515C6651E57E789005A10CD /* AboutScene.swift */ = {isa = PBXFileReference; fileEncoding = 4; lastKnownFileType = sourcecode.swift; path = AboutScene.swift; sourceTree = "<group>"; };
		252DD7591E4940A00005D767 /* gravity.app */ = {isa = PBXFileReference; explicitFileType = wrapper.application; includeInIndex = 0; path = gravity.app; sourceTree = BUILT_PRODUCTS_DIR; };
		252DD75C1E4940A00005D767 /* AppDelegate.swift */ = {isa = PBXFileReference; lastKnownFileType = sourcecode.swift; path = AppDelegate.swift; sourceTree = "<group>"; };
		252DD7621E4940A00005D767 /* GameScene.swift */ = {isa = PBXFileReference; lastKnownFileType = sourcecode.swift; path = GameScene.swift; sourceTree = "<group>"; };
		252DD7641E4940A00005D767 /* GameViewController.swift */ = {isa = PBXFileReference; lastKnownFileType = sourcecode.swift; path = GameViewController.swift; sourceTree = "<group>"; };
		252DD7671E4940A00005D767 /* Base */ = {isa = PBXFileReference; lastKnownFileType = file.storyboard; name = Base; path = Base.lproj/Main.storyboard; sourceTree = "<group>"; };
		252DD7691E4940A00005D767 /* Assets.xcassets */ = {isa = PBXFileReference; lastKnownFileType = folder.assetcatalog; path = Assets.xcassets; sourceTree = "<group>"; };
		252DD76C1E4940A00005D767 /* Base */ = {isa = PBXFileReference; lastKnownFileType = file.storyboard; name = Base; path = Base.lproj/LaunchScreen.storyboard; sourceTree = "<group>"; };
		252DD76E1E4940A00005D767 /* Info.plist */ = {isa = PBXFileReference; lastKnownFileType = text.plist.xml; path = Info.plist; sourceTree = "<group>"; };
		252DD7731E4940A00005D767 /* gravityTests.xctest */ = {isa = PBXFileReference; explicitFileType = wrapper.cfbundle; includeInIndex = 0; path = gravityTests.xctest; sourceTree = BUILT_PRODUCTS_DIR; };
		252DD7771E4940A00005D767 /* LinesTests.swift */ = {isa = PBXFileReference; lastKnownFileType = sourcecode.swift; path = LinesTests.swift; sourceTree = "<group>"; };
		252DD7791E4940A00005D767 /* Info.plist */ = {isa = PBXFileReference; lastKnownFileType = text.plist.xml; path = Info.plist; sourceTree = "<group>"; };
		252DD77E1E4940A00005D767 /* gravityUITests.xctest */ = {isa = PBXFileReference; explicitFileType = wrapper.cfbundle; includeInIndex = 0; path = gravityUITests.xctest; sourceTree = BUILT_PRODUCTS_DIR; };
		252DD7821E4940A00005D767 /* LinesUITests.swift */ = {isa = PBXFileReference; lastKnownFileType = sourcecode.swift; path = LinesUITests.swift; sourceTree = "<group>"; };
		252DD7841E4940A00005D767 /* Info.plist */ = {isa = PBXFileReference; lastKnownFileType = text.plist.xml; path = Info.plist; sourceTree = "<group>"; };
		252F27E61E53EF8700C9A5D1 /* gravity.entitlements */ = {isa = PBXFileReference; lastKnownFileType = text.plist.entitlements; path = gravity.entitlements; sourceTree = "<group>"; };
		254FE8C71E59187400006995 /* loop.wav */ = {isa = PBXFileReference; lastKnownFileType = audio.wav; path = loop.wav; sourceTree = "<group>"; };
		254FE8C91E591CBF00006995 /* untitled.wav */ = {isa = PBXFileReference; lastKnownFileType = audio.wav; path = untitled.wav; sourceTree = "<group>"; };
		254FE8CB1E591D9C00006995 /* boink.wav */ = {isa = PBXFileReference; lastKnownFileType = audio.wav; path = boink.wav; sourceTree = "<group>"; };
		254FE8D11E59234E00006995 /* lose.wav */ = {isa = PBXFileReference; lastKnownFileType = audio.wav; path = lose.wav; sourceTree = "<group>"; };
		25D6F6251E57574B001E30B3 /* GoogleService-Info.plist */ = {isa = PBXFileReference; fileEncoding = 4; lastKnownFileType = text.plist.xml; path = "GoogleService-Info.plist"; sourceTree = "<group>"; };
		25F2FC531E4A926300C644D2 /* MainMenu.swift */ = {isa = PBXFileReference; fileEncoding = 4; lastKnownFileType = sourcecode.swift; path = MainMenu.swift; sourceTree = "<group>"; };
		33B13C5E5B6D72BD54A5F515 /* Pods-gravity.debug.xcconfig */ = {isa = PBXFileReference; includeInIndex = 1; lastKnownFileType = text.xcconfig; name = "Pods-gravity.debug.xcconfig"; path = "Pods/Target Support Files/Pods-gravity/Pods-gravity.debug.xcconfig"; sourceTree = "<group>"; };
		814C0FF7DEBD534C7258B4A2 /* Pods_gravityTests.framework */ = {isa = PBXFileReference; explicitFileType = wrapper.framework; includeInIndex = 0; path = Pods_gravityTests.framework; sourceTree = BUILT_PRODUCTS_DIR; };
		9800EBC1A92D00CB34D7376F /* Pods_gravityUITests.framework */ = {isa = PBXFileReference; explicitFileType = wrapper.framework; includeInIndex = 0; path = Pods_gravityUITests.framework; sourceTree = BUILT_PRODUCTS_DIR; };
		A51E6C1D6D61F38EC1DCB21C /* Pods-gravityUITests.debug.xcconfig */ = {isa = PBXFileReference; includeInIndex = 1; lastKnownFileType = text.xcconfig; name = "Pods-gravityUITests.debug.xcconfig"; path = "Pods/Target Support Files/Pods-gravityUITests/Pods-gravityUITests.debug.xcconfig"; sourceTree = "<group>"; };
		B2085D4904022BC41512E0AA /* Pods-gravity.release.xcconfig */ = {isa = PBXFileReference; includeInIndex = 1; lastKnownFileType = text.xcconfig; name = "Pods-gravity.release.xcconfig"; path = "Pods/Target Support Files/Pods-gravity/Pods-gravity.release.xcconfig"; sourceTree = "<group>"; };
		D72E6F94350D9930F2591A8A /* Pods-gravityUITests.release.xcconfig */ = {isa = PBXFileReference; includeInIndex = 1; lastKnownFileType = text.xcconfig; name = "Pods-gravityUITests.release.xcconfig"; path = "Pods/Target Support Files/Pods-gravityUITests/Pods-gravityUITests.release.xcconfig"; sourceTree = "<group>"; };
		E0C3E6F1E940268837AC9600 /* Pods_gravity.framework */ = {isa = PBXFileReference; explicitFileType = wrapper.framework; includeInIndex = 0; path = Pods_gravity.framework; sourceTree = BUILT_PRODUCTS_DIR; };
		F6C604392C9F2F7657419587 /* Pods-gravityTests.debug.xcconfig */ = {isa = PBXFileReference; includeInIndex = 1; lastKnownFileType = text.xcconfig; name = "Pods-gravityTests.debug.xcconfig"; path = "Pods/Target Support Files/Pods-gravityTests/Pods-gravityTests.debug.xcconfig"; sourceTree = "<group>"; };
/* End PBXFileReference section */

/* Begin PBXFrameworksBuildPhase section */
		252DD7561E4940A00005D767 /* Frameworks */ = {
			isa = PBXFrameworksBuildPhase;
			buildActionMask = 2147483647;
			files = (
				2672BC9C9C17067D83D86174 /* Pods_gravity.framework in Frameworks */,
			);
			runOnlyForDeploymentPostprocessing = 0;
		};
		252DD7701E4940A00005D767 /* Frameworks */ = {
			isa = PBXFrameworksBuildPhase;
			buildActionMask = 2147483647;
			files = (
				EA40EAF90B47BFCE38D8587D /* Pods_gravityTests.framework in Frameworks */,
			);
			runOnlyForDeploymentPostprocessing = 0;
		};
		252DD77B1E4940A00005D767 /* Frameworks */ = {
			isa = PBXFrameworksBuildPhase;
			buildActionMask = 2147483647;
			files = (
				937A055F587AF47843CB5D18 /* Pods_gravityUITests.framework in Frameworks */,
			);
			runOnlyForDeploymentPostprocessing = 0;
		};
/* End PBXFrameworksBuildPhase section */

/* Begin PBXGroup section */
		252DD7501E4940A00005D767 = {
			isa = PBXGroup;
			children = (
				252F27E61E53EF8700C9A5D1 /* gravity.entitlements */,
				252DD75B1E4940A00005D767 /* Lines */,
				252DD7761E4940A00005D767 /* LinesTests */,
				252DD7811E4940A00005D767 /* LinesUITests */,
				252DD75A1E4940A00005D767 /* Products */,
				91CC60E84189D0F0555E2A9F /* Pods */,
				2BB08F1475850BBD28FE6E1C /* Frameworks */,
			);
			sourceTree = "<group>";
		};
		252DD75A1E4940A00005D767 /* Products */ = {
			isa = PBXGroup;
			children = (
				252DD7591E4940A00005D767 /* gravity.app */,
				252DD7731E4940A00005D767 /* gravityTests.xctest */,
				252DD77E1E4940A00005D767 /* gravityUITests.xctest */,
			);
			name = Products;
			sourceTree = "<group>";
		};
		252DD75B1E4940A00005D767 /* Lines */ = {
			isa = PBXGroup;
			children = (
				254FE8D11E59234E00006995 /* lose.wav */,
				254FE8CB1E591D9C00006995 /* boink.wav */,
				254FE8C91E591CBF00006995 /* untitled.wav */,
				254FE8C71E59187400006995 /* loop.wav */,
				25D6F6251E57574B001E30B3 /* GoogleService-Info.plist */,
				252DD75C1E4940A00005D767 /* AppDelegate.swift */,
				252DD7621E4940A00005D767 /* GameScene.swift */,
				25F2FC531E4A926300C644D2 /* MainMenu.swift */,
				252DD7641E4940A00005D767 /* GameViewController.swift */,
				252DD7661E4940A00005D767 /* Main.storyboard */,
				252DD7691E4940A00005D767 /* Assets.xcassets */,
				252DD76B1E4940A00005D767 /* LaunchScreen.storyboard */,
				252DD76E1E4940A00005D767 /* Info.plist */,
				2515C6651E57E789005A10CD /* AboutScene.swift */,
			);
			path = Lines;
			sourceTree = "<group>";
		};
		252DD7761E4940A00005D767 /* LinesTests */ = {
			isa = PBXGroup;
			children = (
				252DD7771E4940A00005D767 /* LinesTests.swift */,
				252DD7791E4940A00005D767 /* Info.plist */,
			);
			path = LinesTests;
			sourceTree = "<group>";
		};
		252DD7811E4940A00005D767 /* LinesUITests */ = {
			isa = PBXGroup;
			children = (
				252DD7821E4940A00005D767 /* LinesUITests.swift */,
				252DD7841E4940A00005D767 /* Info.plist */,
			);
			path = LinesUITests;
			sourceTree = "<group>";
		};
		2BB08F1475850BBD28FE6E1C /* Frameworks */ = {
			isa = PBXGroup;
			children = (
				E0C3E6F1E940268837AC9600 /* Pods_gravity.framework */,
				814C0FF7DEBD534C7258B4A2 /* Pods_gravityTests.framework */,
				9800EBC1A92D00CB34D7376F /* Pods_gravityUITests.framework */,
			);
			name = Frameworks;
			sourceTree = "<group>";
		};
		91CC60E84189D0F0555E2A9F /* Pods */ = {
			isa = PBXGroup;
			children = (
				33B13C5E5B6D72BD54A5F515 /* Pods-gravity.debug.xcconfig */,
				B2085D4904022BC41512E0AA /* Pods-gravity.release.xcconfig */,
				F6C604392C9F2F7657419587 /* Pods-gravityTests.debug.xcconfig */,
				1CA94CED2A1F64F93926757D /* Pods-gravityTests.release.xcconfig */,
				A51E6C1D6D61F38EC1DCB21C /* Pods-gravityUITests.debug.xcconfig */,
				D72E6F94350D9930F2591A8A /* Pods-gravityUITests.release.xcconfig */,
			);
			name = Pods;
			sourceTree = "<group>";
		};
/* End PBXGroup section */

/* Begin PBXNativeTarget section */
		252DD7581E4940A00005D767 /* gravity */ = {
			isa = PBXNativeTarget;
			buildConfigurationList = 252DD7871E4940A00005D767 /* Build configuration list for PBXNativeTarget "gravity" */;
			buildPhases = (
				6987AC60F02159B1F2D976B3 /* [CP] Check Pods Manifest.lock */,
				252DD7551E4940A00005D767 /* Sources */,
				252DD7561E4940A00005D767 /* Frameworks */,
				252DD7571E4940A00005D767 /* Resources */,
				7B5036AD5753952AD815AC73 /* [CP] Embed Pods Frameworks */,
				36D9112EA29438B9A99808E2 /* [CP] Copy Pods Resources */,
			);
			buildRules = (
			);
			dependencies = (
			);
			name = gravity;
			productName = Lines;
			productReference = 252DD7591E4940A00005D767 /* gravity.app */;
			productType = "com.apple.product-type.application";
		};
		252DD7721E4940A00005D767 /* gravityTests */ = {
			isa = PBXNativeTarget;
			buildConfigurationList = 252DD78A1E4940A00005D767 /* Build configuration list for PBXNativeTarget "gravityTests" */;
			buildPhases = (
				DEBABB079F955FA77D4FEA4B /* [CP] Check Pods Manifest.lock */,
				252DD76F1E4940A00005D767 /* Sources */,
				252DD7701E4940A00005D767 /* Frameworks */,
				252DD7711E4940A00005D767 /* Resources */,
				FE4C6D4D612654D107F86E96 /* [CP] Embed Pods Frameworks */,
				08E5F6814CD7ED43E0E088BE /* [CP] Copy Pods Resources */,
			);
			buildRules = (
			);
			dependencies = (
				252DD7751E4940A00005D767 /* PBXTargetDependency */,
			);
			name = gravityTests;
			productName = LinesTests;
			productReference = 252DD7731E4940A00005D767 /* gravityTests.xctest */;
			productType = "com.apple.product-type.bundle.unit-test";
		};
		252DD77D1E4940A00005D767 /* gravityUITests */ = {
			isa = PBXNativeTarget;
			buildConfigurationList = 252DD78D1E4940A00005D767 /* Build configuration list for PBXNativeTarget "gravityUITests" */;
			buildPhases = (
				753CE6517F98C88B0E794720 /* [CP] Check Pods Manifest.lock */,
				252DD77A1E4940A00005D767 /* Sources */,
				252DD77B1E4940A00005D767 /* Frameworks */,
				252DD77C1E4940A00005D767 /* Resources */,
				B98B657D24145AED63E19419 /* [CP] Embed Pods Frameworks */,
				6854D3573DE2046A8E28DBF1 /* [CP] Copy Pods Resources */,
			);
			buildRules = (
			);
			dependencies = (
				252DD7801E4940A00005D767 /* PBXTargetDependency */,
			);
			name = gravityUITests;
			productName = LinesUITests;
			productReference = 252DD77E1E4940A00005D767 /* gravityUITests.xctest */;
			productType = "com.apple.product-type.bundle.ui-testing";
		};
/* End PBXNativeTarget section */

/* Begin PBXProject section */
		252DD7511E4940A00005D767 /* Project object */ = {
			isa = PBXProject;
			attributes = {
				LastSwiftUpdateCheck = 0820;
				LastUpgradeCheck = 0820;
				ORGANIZATIONNAME = "Austin Childress";
				TargetAttributes = {
					252DD7581E4940A00005D767 = {
						CreatedOnToolsVersion = 8.2.1;
						DevelopmentTeam = FT7DDB8UX9;
						ProvisioningStyle = Automatic;
						SystemCapabilities = {
							com.apple.ApplicationGroups.iOS = {
								enabled = 0;
							};
						};
					};
					252DD7721E4940A00005D767 = {
						CreatedOnToolsVersion = 8.2.1;
						DevelopmentTeam = FT7DDB8UX9;
						ProvisioningStyle = Automatic;
						TestTargetID = 252DD7581E4940A00005D767;
					};
					252DD77D1E4940A00005D767 = {
						CreatedOnToolsVersion = 8.2.1;
						DevelopmentTeam = FT7DDB8UX9;
						ProvisioningStyle = Automatic;
						TestTargetID = 252DD7581E4940A00005D767;
					};
				};
			};
			buildConfigurationList = 252DD7541E4940A00005D767 /* Build configuration list for PBXProject "gravity" */;
			compatibilityVersion = "Xcode 3.2";
			developmentRegion = English;
			hasScannedForEncodings = 0;
			knownRegions = (
				en,
				Base,
			);
			mainGroup = 252DD7501E4940A00005D767;
			productRefGroup = 252DD75A1E4940A00005D767 /* Products */;
			projectDirPath = "";
			projectRoot = "";
			targets = (
				252DD7581E4940A00005D767 /* gravity */,
				252DD7721E4940A00005D767 /* gravityTests */,
				252DD77D1E4940A00005D767 /* gravityUITests */,
			);
		};
/* End PBXProject section */

/* Begin PBXResourcesBuildPhase section */
		252DD7571E4940A00005D767 /* Resources */ = {
			isa = PBXResourcesBuildPhase;
			buildActionMask = 2147483647;
			files = (
				254FE8C81E59187400006995 /* loop.wav in Resources */,
				254FE8D21E59234E00006995 /* lose.wav in Resources */,
				254FE8CA1E591CBF00006995 /* untitled.wav in Resources */,
				252DD7681E4940A00005D767 /* Main.storyboard in Resources */,
				25D6F6261E57574B001E30B3 /* GoogleService-Info.plist in Resources */,
				252DD76A1E4940A00005D767 /* Assets.xcassets in Resources */,
				252DD76D1E4940A00005D767 /* LaunchScreen.storyboard in Resources */,
				254FE8CC1E591D9C00006995 /* boink.wav in Resources */,
			);
			runOnlyForDeploymentPostprocessing = 0;
		};
		252DD7711E4940A00005D767 /* Resources */ = {
			isa = PBXResourcesBuildPhase;
			buildActionMask = 2147483647;
			files = (
			);
			runOnlyForDeploymentPostprocessing = 0;
		};
		252DD77C1E4940A00005D767 /* Resources */ = {
			isa = PBXResourcesBuildPhase;
			buildActionMask = 2147483647;
			files = (
			);
			runOnlyForDeploymentPostprocessing = 0;
		};
/* End PBXResourcesBuildPhase section */

/* Begin PBXShellScriptBuildPhase section */
		08E5F6814CD7ED43E0E088BE /* [CP] Copy Pods Resources */ = {
			isa = PBXShellScriptBuildPhase;
			buildActionMask = 2147483647;
			files = (
			);
			inputPaths = (
			);
			name = "[CP] Copy Pods Resources";
			outputPaths = (
			);
			runOnlyForDeploymentPostprocessing = 0;
			shellPath = /bin/sh;
			shellScript = "\"${SRCROOT}/Pods/Target Support Files/Pods-gravityTests/Pods-gravityTests-resources.sh\"\n";
			showEnvVarsInLog = 0;
		};
		36D9112EA29438B9A99808E2 /* [CP] Copy Pods Resources */ = {
			isa = PBXShellScriptBuildPhase;
			buildActionMask = 2147483647;
			files = (
			);
			inputPaths = (
			);
			name = "[CP] Copy Pods Resources";
			outputPaths = (
			);
			runOnlyForDeploymentPostprocessing = 0;
			shellPath = /bin/sh;
			shellScript = "\"${SRCROOT}/Pods/Target Support Files/Pods-gravity/Pods-gravity-resources.sh\"\n";
			showEnvVarsInLog = 0;
		};
		6854D3573DE2046A8E28DBF1 /* [CP] Copy Pods Resources */ = {
			isa = PBXShellScriptBuildPhase;
			buildActionMask = 2147483647;
			files = (
			);
			inputPaths = (
			);
			name = "[CP] Copy Pods Resources";
			outputPaths = (
			);
			runOnlyForDeploymentPostprocessing = 0;
			shellPath = /bin/sh;
			shellScript = "\"${SRCROOT}/Pods/Target Support Files/Pods-gravityUITests/Pods-gravityUITests-resources.sh\"\n";
			showEnvVarsInLog = 0;
		};
		6987AC60F02159B1F2D976B3 /* [CP] Check Pods Manifest.lock */ = {
			isa = PBXShellScriptBuildPhase;
			buildActionMask = 2147483647;
			files = (
			);
			inputPaths = (
			);
			name = "[CP] Check Pods Manifest.lock";
			outputPaths = (
			);
			runOnlyForDeploymentPostprocessing = 0;
			shellPath = /bin/sh;
			shellScript = "diff \"${PODS_ROOT}/../Podfile.lock\" \"${PODS_ROOT}/Manifest.lock\" > /dev/null\nif [ $? != 0 ] ; then\n    # print error to STDERR\n    echo \"error: The sandbox is not in sync with the Podfile.lock. Run 'pod install' or update your CocoaPods installation.\" >&2\n    exit 1\nfi\n";
			showEnvVarsInLog = 0;
		};
		753CE6517F98C88B0E794720 /* [CP] Check Pods Manifest.lock */ = {
			isa = PBXShellScriptBuildPhase;
			buildActionMask = 2147483647;
			files = (
			);
			inputPaths = (
			);
			name = "[CP] Check Pods Manifest.lock";
			outputPaths = (
			);
			runOnlyForDeploymentPostprocessing = 0;
			shellPath = /bin/sh;
			shellScript = "diff \"${PODS_ROOT}/../Podfile.lock\" \"${PODS_ROOT}/Manifest.lock\" > /dev/null\nif [ $? != 0 ] ; then\n    # print error to STDERR\n    echo \"error: The sandbox is not in sync with the Podfile.lock. Run 'pod install' or update your CocoaPods installation.\" >&2\n    exit 1\nfi\n";
			showEnvVarsInLog = 0;
		};
		7B5036AD5753952AD815AC73 /* [CP] Embed Pods Frameworks */ = {
			isa = PBXShellScriptBuildPhase;
			buildActionMask = 2147483647;
			files = (
			);
			inputPaths = (
			);
			name = "[CP] Embed Pods Frameworks";
			outputPaths = (
			);
			runOnlyForDeploymentPostprocessing = 0;
			shellPath = /bin/sh;
			shellScript = "\"${SRCROOT}/Pods/Target Support Files/Pods-gravity/Pods-gravity-frameworks.sh\"\n";
			showEnvVarsInLog = 0;
		};
		B98B657D24145AED63E19419 /* [CP] Embed Pods Frameworks */ = {
			isa = PBXShellScriptBuildPhase;
			buildActionMask = 2147483647;
			files = (
			);
			inputPaths = (
			);
			name = "[CP] Embed Pods Frameworks";
			outputPaths = (
			);
			runOnlyForDeploymentPostprocessing = 0;
			shellPath = /bin/sh;
			shellScript = "\"${SRCROOT}/Pods/Target Support Files/Pods-gravityUITests/Pods-gravityUITests-frameworks.sh\"\n";
			showEnvVarsInLog = 0;
		};
		DEBABB079F955FA77D4FEA4B /* [CP] Check Pods Manifest.lock */ = {
			isa = PBXShellScriptBuildPhase;
			buildActionMask = 2147483647;
			files = (
			);
			inputPaths = (
			);
			name = "[CP] Check Pods Manifest.lock";
			outputPaths = (
			);
			runOnlyForDeploymentPostprocessing = 0;
			shellPath = /bin/sh;
			shellScript = "diff \"${PODS_ROOT}/../Podfile.lock\" \"${PODS_ROOT}/Manifest.lock\" > /dev/null\nif [ $? != 0 ] ; then\n    # print error to STDERR\n    echo \"error: The sandbox is not in sync with the Podfile.lock. Run 'pod install' or update your CocoaPods installation.\" >&2\n    exit 1\nfi\n";
			showEnvVarsInLog = 0;
		};
		FE4C6D4D612654D107F86E96 /* [CP] Embed Pods Frameworks */ = {
			isa = PBXShellScriptBuildPhase;
			buildActionMask = 2147483647;
			files = (
			);
			inputPaths = (
			);
			name = "[CP] Embed Pods Frameworks";
			outputPaths = (
			);
			runOnlyForDeploymentPostprocessing = 0;
			shellPath = /bin/sh;
			shellScript = "\"${SRCROOT}/Pods/Target Support Files/Pods-gravityTests/Pods-gravityTests-frameworks.sh\"\n";
			showEnvVarsInLog = 0;
		};
/* End PBXShellScriptBuildPhase section */

/* Begin PBXSourcesBuildPhase section */
		252DD7551E4940A00005D767 /* Sources */ = {
			isa = PBXSourcesBuildPhase;
			buildActionMask = 2147483647;
			files = (
				252DD7631E4940A00005D767 /* GameScene.swift in Sources */,
				252DD7651E4940A00005D767 /* GameViewController.swift in Sources */,
				2515C6661E57E789005A10CD /* AboutScene.swift in Sources */,
				252DD75D1E4940A00005D767 /* AppDelegate.swift in Sources */,
				25F2FC541E4A926300C644D2 /* MainMenu.swift in Sources */,
			);
			runOnlyForDeploymentPostprocessing = 0;
		};
		252DD76F1E4940A00005D767 /* Sources */ = {
			isa = PBXSourcesBuildPhase;
			buildActionMask = 2147483647;
			files = (
				252DD7781E4940A00005D767 /* LinesTests.swift in Sources */,
			);
			runOnlyForDeploymentPostprocessing = 0;
		};
		252DD77A1E4940A00005D767 /* Sources */ = {
			isa = PBXSourcesBuildPhase;
			buildActionMask = 2147483647;
			files = (
				252DD7831E4940A00005D767 /* LinesUITests.swift in Sources */,
			);
			runOnlyForDeploymentPostprocessing = 0;
		};
/* End PBXSourcesBuildPhase section */

/* Begin PBXTargetDependency section */
		252DD7751E4940A00005D767 /* PBXTargetDependency */ = {
			isa = PBXTargetDependency;
			target = 252DD7581E4940A00005D767 /* gravity */;
			targetProxy = 252DD7741E4940A00005D767 /* PBXContainerItemProxy */;
		};
		252DD7801E4940A00005D767 /* PBXTargetDependency */ = {
			isa = PBXTargetDependency;
			target = 252DD7581E4940A00005D767 /* gravity */;
			targetProxy = 252DD77F1E4940A00005D767 /* PBXContainerItemProxy */;
		};
/* End PBXTargetDependency section */

/* Begin PBXVariantGroup section */
		252DD7661E4940A00005D767 /* Main.storyboard */ = {
			isa = PBXVariantGroup;
			children = (
				252DD7671E4940A00005D767 /* Base */,
			);
			name = Main.storyboard;
			sourceTree = "<group>";
		};
		252DD76B1E4940A00005D767 /* LaunchScreen.storyboard */ = {
			isa = PBXVariantGroup;
			children = (
				252DD76C1E4940A00005D767 /* Base */,
			);
			name = LaunchScreen.storyboard;
			sourceTree = "<group>";
		};
/* End PBXVariantGroup section */

/* Begin XCBuildConfiguration section */
		252DD7851E4940A00005D767 /* Debug */ = {
			isa = XCBuildConfiguration;
			buildSettings = {
				ALWAYS_SEARCH_USER_PATHS = NO;
				CLANG_ANALYZER_NONNULL = YES;
				CLANG_CXX_LANGUAGE_STANDARD = "gnu++0x";
				CLANG_CXX_LIBRARY = "libc++";
				CLANG_ENABLE_MODULES = YES;
				CLANG_ENABLE_OBJC_ARC = YES;
				CLANG_WARN_BOOL_CONVERSION = YES;
				CLANG_WARN_CONSTANT_CONVERSION = YES;
				CLANG_WARN_DIRECT_OBJC_ISA_USAGE = YES_ERROR;
				CLANG_WARN_DOCUMENTATION_COMMENTS = YES;
				CLANG_WARN_EMPTY_BODY = YES;
				CLANG_WARN_ENUM_CONVERSION = YES;
				CLANG_WARN_INFINITE_RECURSION = YES;
				CLANG_WARN_INT_CONVERSION = YES;
				CLANG_WARN_OBJC_ROOT_CLASS = YES_ERROR;
				CLANG_WARN_SUSPICIOUS_MOVE = YES;
				CLANG_WARN_UNREACHABLE_CODE = YES;
				CLANG_WARN__DUPLICATE_METHOD_MATCH = YES;
				"CODE_SIGN_IDENTITY[sdk=iphoneos*]" = "iPhone Developer";
				COPY_PHASE_STRIP = NO;
				DEBUG_INFORMATION_FORMAT = dwarf;
				ENABLE_STRICT_OBJC_MSGSEND = YES;
				ENABLE_TESTABILITY = YES;
				GCC_C_LANGUAGE_STANDARD = gnu99;
				GCC_DYNAMIC_NO_PIC = NO;
				GCC_NO_COMMON_BLOCKS = YES;
				GCC_OPTIMIZATION_LEVEL = 0;
				GCC_PREPROCESSOR_DEFINITIONS = (
					"DEBUG=1",
					"$(inherited)",
				);
				GCC_WARN_64_TO_32_BIT_CONVERSION = YES;
				GCC_WARN_ABOUT_RETURN_TYPE = YES_ERROR;
				GCC_WARN_UNDECLARED_SELECTOR = YES;
				GCC_WARN_UNINITIALIZED_AUTOS = YES_AGGRESSIVE;
				GCC_WARN_UNUSED_FUNCTION = YES;
				GCC_WARN_UNUSED_VARIABLE = YES;
				IPHONEOS_DEPLOYMENT_TARGET = 10.2;
				MTL_ENABLE_DEBUG_INFO = YES;
				ONLY_ACTIVE_ARCH = YES;
				SDKROOT = iphoneos;
				SWIFT_ACTIVE_COMPILATION_CONDITIONS = DEBUG;
				SWIFT_OPTIMIZATION_LEVEL = "-Onone";
				TARGETED_DEVICE_FAMILY = "1,2";
			};
			name = Debug;
		};
		252DD7861E4940A00005D767 /* Release */ = {
			isa = XCBuildConfiguration;
			buildSettings = {
				ALWAYS_SEARCH_USER_PATHS = NO;
				CLANG_ANALYZER_NONNULL = YES;
				CLANG_CXX_LANGUAGE_STANDARD = "gnu++0x";
				CLANG_CXX_LIBRARY = "libc++";
				CLANG_ENABLE_MODULES = YES;
				CLANG_ENABLE_OBJC_ARC = YES;
				CLANG_WARN_BOOL_CONVERSION = YES;
				CLANG_WARN_CONSTANT_CONVERSION = YES;
				CLANG_WARN_DIRECT_OBJC_ISA_USAGE = YES_ERROR;
				CLANG_WARN_DOCUMENTATION_COMMENTS = YES;
				CLANG_WARN_EMPTY_BODY = YES;
				CLANG_WARN_ENUM_CONVERSION = YES;
				CLANG_WARN_INFINITE_RECURSION = YES;
				CLANG_WARN_INT_CONVERSION = YES;
				CLANG_WARN_OBJC_ROOT_CLASS = YES_ERROR;
				CLANG_WARN_SUSPICIOUS_MOVE = YES;
				CLANG_WARN_UNREACHABLE_CODE = YES;
				CLANG_WARN__DUPLICATE_METHOD_MATCH = YES;
				"CODE_SIGN_IDENTITY[sdk=iphoneos*]" = "iPhone Developer";
				COPY_PHASE_STRIP = NO;
				DEBUG_INFORMATION_FORMAT = "dwarf-with-dsym";
				ENABLE_NS_ASSERTIONS = NO;
				ENABLE_STRICT_OBJC_MSGSEND = YES;
				GCC_C_LANGUAGE_STANDARD = gnu99;
				GCC_NO_COMMON_BLOCKS = YES;
				GCC_WARN_64_TO_32_BIT_CONVERSION = YES;
				GCC_WARN_ABOUT_RETURN_TYPE = YES_ERROR;
				GCC_WARN_UNDECLARED_SELECTOR = YES;
				GCC_WARN_UNINITIALIZED_AUTOS = YES_AGGRESSIVE;
				GCC_WARN_UNUSED_FUNCTION = YES;
				GCC_WARN_UNUSED_VARIABLE = YES;
				IPHONEOS_DEPLOYMENT_TARGET = 10.2;
				MTL_ENABLE_DEBUG_INFO = NO;
				SDKROOT = iphoneos;
				SWIFT_OPTIMIZATION_LEVEL = "-Owholemodule";
				TARGETED_DEVICE_FAMILY = "1,2";
				VALIDATE_PRODUCT = YES;
			};
			name = Release;
		};
		252DD7881E4940A00005D767 /* Debug */ = {
			isa = XCBuildConfiguration;
			baseConfigurationReference = 33B13C5E5B6D72BD54A5F515 /* Pods-gravity.debug.xcconfig */;
			buildSettings = {
				ALWAYS_EMBED_SWIFT_STANDARD_LIBRARIES = YES;
				ASSETCATALOG_COMPILER_APPICON_NAME = AppIcon;
				DEVELOPMENT_TEAM = FT7DDB8UX9;
				INFOPLIST_FILE = Lines/Info.plist;
				IPHONEOS_DEPLOYMENT_TARGET = 10.0;
				LD_RUNPATH_SEARCH_PATHS = "$(inherited) @executable_path/Frameworks";
				PRODUCT_BUNDLE_IDENTIFIER = com.marsdev.gravity;
				PRODUCT_NAME = "$(TARGET_NAME)";
				SWIFT_VERSION = 3.0;
				TARGETED_DEVICE_FAMILY = "1,2";
			};
			name = Debug;
		};
		252DD7891E4940A00005D767 /* Release */ = {
			isa = XCBuildConfiguration;
			baseConfigurationReference = B2085D4904022BC41512E0AA /* Pods-gravity.release.xcconfig */;
			buildSettings = {
				ALWAYS_EMBED_SWIFT_STANDARD_LIBRARIES = YES;
				ASSETCATALOG_COMPILER_APPICON_NAME = AppIcon;
				DEVELOPMENT_TEAM = FT7DDB8UX9;
				INFOPLIST_FILE = Lines/Info.plist;
				IPHONEOS_DEPLOYMENT_TARGET = 10.0;
				LD_RUNPATH_SEARCH_PATHS = "$(inherited) @executable_path/Frameworks";
				PRODUCT_BUNDLE_IDENTIFIER = com.marsdev.gravity;
				PRODUCT_NAME = "$(TARGET_NAME)";
				SWIFT_VERSION = 3.0;
				TARGETED_DEVICE_FAMILY = "1,2";
			};
			name = Release;
		};
		252DD78B1E4940A00005D767 /* Debug */ = {
			isa = XCBuildConfiguration;
			baseConfigurationReference = F6C604392C9F2F7657419587 /* Pods-gravityTests.debug.xcconfig */;
			buildSettings = {
				ALWAYS_EMBED_SWIFT_STANDARD_LIBRARIES = YES;
				BUNDLE_LOADER = "$(TEST_HOST)";
				DEVELOPMENT_TEAM = FT7DDB8UX9;
				INFOPLIST_FILE = LinesTests/Info.plist;
				LD_RUNPATH_SEARCH_PATHS = "$(inherited) @executable_path/Frameworks @loader_path/Frameworks";
				PRODUCT_BUNDLE_IDENTIFIER = com.marsdev.LinesTests;
				PRODUCT_NAME = "$(TARGET_NAME)";
				SWIFT_VERSION = 3.0;
				TEST_HOST = "$(BUILT_PRODUCTS_DIR)/gravity.app/gravity";
			};
			name = Debug;
		};
		252DD78C1E4940A00005D767 /* Release */ = {
			isa = XCBuildConfiguration;
			baseConfigurationReference = 1CA94CED2A1F64F93926757D /* Pods-gravityTests.release.xcconfig */;
			buildSettings = {
				ALWAYS_EMBED_SWIFT_STANDARD_LIBRARIES = YES;
				BUNDLE_LOADER = "$(TEST_HOST)";
				DEVELOPMENT_TEAM = FT7DDB8UX9;
				INFOPLIST_FILE = LinesTests/Info.plist;
				LD_RUNPATH_SEARCH_PATHS = "$(inherited) @executable_path/Frameworks @loader_path/Frameworks";
				PRODUCT_BUNDLE_IDENTIFIER = com.marsdev.LinesTests;
				PRODUCT_NAME = "$(TARGET_NAME)";
				SWIFT_VERSION = 3.0;
				TEST_HOST = "$(BUILT_PRODUCTS_DIR)/gravity.app/gravity";
			};
			name = Release;
		};
		252DD78E1E4940A00005D767 /* Debug */ = {
			isa = XCBuildConfiguration;
			baseConfigurationReference = A51E6C1D6D61F38EC1DCB21C /* Pods-gravityUITests.debug.xcconfig */;
			buildSettings = {
				ALWAYS_EMBED_SWIFT_STANDARD_LIBRARIES = YES;
				DEVELOPMENT_TEAM = FT7DDB8UX9;
				INFOPLIST_FILE = LinesUITests/Info.plist;
				LD_RUNPATH_SEARCH_PATHS = "$(inherited) @executable_path/Frameworks @loader_path/Frameworks";
				PRODUCT_BUNDLE_IDENTIFIER = com.marsdev.LinesUITests;
				PRODUCT_NAME = "$(TARGET_NAME)";
				SWIFT_VERSION = 3.0;
				TEST_TARGET_NAME = Lines;
			};
			name = Debug;
		};
		252DD78F1E4940A00005D767 /* Release */ = {
			isa = XCBuildConfiguration;
			baseConfigurationReference = D72E6F94350D9930F2591A8A /* Pods-gravityUITests.release.xcconfig */;
			buildSettings = {
				ALWAYS_EMBED_SWIFT_STANDARD_LIBRARIES = YES;
				DEVELOPMENT_TEAM = FT7DDB8UX9;
				INFOPLIST_FILE = LinesUITests/Info.plist;
				LD_RUNPATH_SEARCH_PATHS = "$(inherited) @executable_path/Frameworks @loader_path/Frameworks";
				PRODUCT_BUNDLE_IDENTIFIER = com.marsdev.LinesUITests;
				PRODUCT_NAME = "$(TARGET_NAME)";
				SWIFT_VERSION = 3.0;
				TEST_TARGET_NAME = Lines;
			};
			name = Release;
		};
/* End XCBuildConfiguration section */

/* Begin XCConfigurationList section */
		252DD7541E4940A00005D767 /* Build configuration list for PBXProject "gravity" */ = {
			isa = XCConfigurationList;
			buildConfigurations = (
				252DD7851E4940A00005D767 /* Debug */,
				252DD7861E4940A00005D767 /* Release */,
			);
			defaultConfigurationIsVisible = 0;
			defaultConfigurationName = Release;
		};
		252DD7871E4940A00005D767 /* Build configuration list for PBXNativeTarget "gravity" */ = {
			isa = XCConfigurationList;
			buildConfigurations = (
				252DD7881E4940A00005D767 /* Debug */,
				252DD7891E4940A00005D767 /* Release */,
			);
			defaultConfigurationIsVisible = 0;
			defaultConfigurationName = Release;
		};
		252DD78A1E4940A00005D767 /* Build configuration list for PBXNativeTarget "gravityTests" */ = {
			isa = XCConfigurationList;
			buildConfigurations = (
				252DD78B1E4940A00005D767 /* Debug */,
				252DD78C1E4940A00005D767 /* Release */,
			);
			defaultConfigurationIsVisible = 0;
			defaultConfigurationName = Release;
		};
		252DD78D1E4940A00005D767 /* Build configuration list for PBXNativeTarget "gravityUITests" */ = {
			isa = XCConfigurationList;
			buildConfigurations = (
				252DD78E1E4940A00005D767 /* Debug */,
				252DD78F1E4940A00005D767 /* Release */,
			);
			defaultConfigurationIsVisible = 0;
			defaultConfigurationName = Release;
		};
/* End XCConfigurationList section */
	};
	rootObject = 252DD7511E4940A00005D767 /* Project object */;
}
